
Microsoft Visual Studio Solution File, Format Version 12.00
Project("{FAE04EC0-301F-11D3-BF4B-00C04F79EFBC}") = "RPG Game", "RPG Game\RPG Game.csproj", "{78A5445C-C6F4-4F22-8ED7-6DD92AD272DB}"
EndProject
Global
	GlobalSection(SolutionConfigurationPlatforms) = preSolution
		Debug|Any CPU = Debug|Any CPU
		Release|Any CPU = Release|Any CPU
	EndGlobalSection
	GlobalSection(ProjectConfigurationPlatforms) = postSolution
		{78A5445C-C6F4-4F22-8ED7-6DD92AD272DB}.Debug|Any CPU.ActiveCfg = Debug|Any CPU
		{78A5445C-C6F4-4F22-8ED7-6DD92AD272DB}.Debug|Any CPU.Build.0 = Debug|Any CPU
		{78A5445C-C6F4-4F22-8ED7-6DD92AD272DB}.Release|Any CPU.ActiveCfg = Release|Any CPU
		{78A5445C-C6F4-4F22-8ED7-6DD92AD272DB}.Release|Any CPU.Build.0 = Release|Any CPU
	EndGlobalSection
EndGlobal
